// !$*UTF8*$!
{
	archiveVersion = 1;
	classes = {
	};
	objectVersion = 56;
	objects = {

/* Begin PBXBuildFile section */
		02EB6FB429524D0200F53880 /* KillerStats.swift in Sources */ = {isa = PBXBuildFile; fileRef = 02EB6FB329524D0200F53880 /* KillerStats.swift */; };
		02F876AB295209BA00CB5B43 /* AppDelegate.swift in Sources */ = {isa = PBXBuildFile; fileRef = 02F876AA295209BA00CB5B43 /* AppDelegate.swift */; };
		02F876AD295209BA00CB5B43 /* SceneDelegate.swift in Sources */ = {isa = PBXBuildFile; fileRef = 02F876AC295209BA00CB5B43 /* SceneDelegate.swift */; };
		02F876AF295209BA00CB5B43 /* ViewController.swift in Sources */ = {isa = PBXBuildFile; fileRef = 02F876AE295209BA00CB5B43 /* ViewController.swift */; };
		02F876B2295209BA00CB5B43 /* Main.storyboard in Resources */ = {isa = PBXBuildFile; fileRef = 02F876B0295209BA00CB5B43 /* Main.storyboard */; };
		02F876B4295209BC00CB5B43 /* Assets.xcassets in Resources */ = {isa = PBXBuildFile; fileRef = 02F876B3295209BC00CB5B43 /* Assets.xcassets */; };
		02F876B7295209BC00CB5B43 /* LaunchScreen.storyboard in Resources */ = {isa = PBXBuildFile; fileRef = 02F876B5295209BC00CB5B43 /* LaunchScreen.storyboard */; };
		02F876C2295209BC00CB5B43 /* FreddyVsJson_dameTests.swift in Sources */ = {isa = PBXBuildFile; fileRef = 02F876C1295209BC00CB5B43 /* FreddyVsJson_dameTests.swift */; };
		02F876CC295209BC00CB5B43 /* FreddyVsJson_dameUITests.swift in Sources */ = {isa = PBXBuildFile; fileRef = 02F876CB295209BC00CB5B43 /* FreddyVsJson_dameUITests.swift */; };
		02F876CE295209BC00CB5B43 /* FreddyVsJson_dameUITestsLaunchTests.swift in Sources */ = {isa = PBXBuildFile; fileRef = 02F876CD295209BC00CB5B43 /* FreddyVsJson_dameUITestsLaunchTests.swift */; };
		02F876DB29523FF100CB5B43 /* KillerViewController.swift in Sources */ = {isa = PBXBuildFile; fileRef = 02F876DA29523FF100CB5B43 /* KillerViewController.swift */; };
/* End PBXBuildFile section */

/* Begin PBXContainerItemProxy section */
		02F876BE295209BC00CB5B43 /* PBXContainerItemProxy */ = {
			isa = PBXContainerItemProxy;
			containerPortal = 02F8769F295209BA00CB5B43 /* Project object */;
			proxyType = 1;
			remoteGlobalIDString = 02F876A6295209BA00CB5B43;
			remoteInfo = FreddyVsJson_dame;
		};
		02F876C8295209BC00CB5B43 /* PBXContainerItemProxy */ = {
			isa = PBXContainerItemProxy;
			containerPortal = 02F8769F295209BA00CB5B43 /* Project object */;
			proxyType = 1;
			remoteGlobalIDString = 02F876A6295209BA00CB5B43;
			remoteInfo = FreddyVsJson_dame;
		};
/* End PBXContainerItemProxy section */

/* Begin PBXFileReference section */
		02EB6FB329524D0200F53880 /* KillerStats.swift */ = {isa = PBXFileReference; lastKnownFileType = sourcecode.swift; path = KillerStats.swift; sourceTree = "<group>"; };
		02F876A7295209BA00CB5B43 /* FreddyVsJson_dame.app */ = {isa = PBXFileReference; explicitFileType = wrapper.application; includeInIndex = 0; path = FreddyVsJson_dame.app; sourceTree = BUILT_PRODUCTS_DIR; };
		02F876AA295209BA00CB5B43 /* AppDelegate.swift */ = {isa = PBXFileReference; lastKnownFileType = sourcecode.swift; path = AppDelegate.swift; sourceTree = "<group>"; };
		02F876AC295209BA00CB5B43 /* SceneDelegate.swift */ = {isa = PBXFileReference; lastKnownFileType = sourcecode.swift; path = SceneDelegate.swift; sourceTree = "<group>"; };
		02F876AE295209BA00CB5B43 /* ViewController.swift */ = {isa = PBXFileReference; lastKnownFileType = sourcecode.swift; path = ViewController.swift; sourceTree = "<group>"; };
		02F876B1295209BA00CB5B43 /* Base */ = {isa = PBXFileReference; lastKnownFileType = file.storyboard; name = Base; path = Base.lproj/Main.storyboard; sourceTree = "<group>"; };
		02F876B3295209BC00CB5B43 /* Assets.xcassets */ = {isa = PBXFileReference; lastKnownFileType = folder.assetcatalog; path = Assets.xcassets; sourceTree = "<group>"; };
		02F876B6295209BC00CB5B43 /* Base */ = {isa = PBXFileReference; lastKnownFileType = file.storyboard; name = Base; path = Base.lproj/LaunchScreen.storyboard; sourceTree = "<group>"; };
		02F876B8295209BC00CB5B43 /* Info.plist */ = {isa = PBXFileReference; lastKnownFileType = text.plist.xml; path = Info.plist; sourceTree = "<group>"; };
		02F876BD295209BC00CB5B43 /* FreddyVsJson_dameTests.xctest */ = {isa = PBXFileReference; explicitFileType = wrapper.cfbundle; includeInIndex = 0; path = FreddyVsJson_dameTests.xctest; sourceTree = BUILT_PRODUCTS_DIR; };
		02F876C1295209BC00CB5B43 /* FreddyVsJson_dameTests.swift */ = {isa = PBXFileReference; lastKnownFileType = sourcecode.swift; path = FreddyVsJson_dameTests.swift; sourceTree = "<group>"; };
		02F876C7295209BC00CB5B43 /* FreddyVsJson_dameUITests.xctest */ = {isa = PBXFileReference; explicitFileType = wrapper.cfbundle; includeInIndex = 0; path = FreddyVsJson_dameUITests.xctest; sourceTree = BUILT_PRODUCTS_DIR; };
		02F876CB295209BC00CB5B43 /* FreddyVsJson_dameUITests.swift */ = {isa = PBXFileReference; lastKnownFileType = sourcecode.swift; path = FreddyVsJson_dameUITests.swift; sourceTree = "<group>"; };
		02F876CD295209BC00CB5B43 /* FreddyVsJson_dameUITestsLaunchTests.swift */ = {isa = PBXFileReference; lastKnownFileType = sourcecode.swift; path = FreddyVsJson_dameUITestsLaunchTests.swift; sourceTree = "<group>"; };
		02F876DA29523FF100CB5B43 /* KillerViewController.swift */ = {isa = PBXFileReference; lastKnownFileType = sourcecode.swift; path = KillerViewController.swift; sourceTree = "<group>"; };
/* End PBXFileReference section */

/* Begin PBXFrameworksBuildPhase section */
		02F876A4295209BA00CB5B43 /* Frameworks */ = {
			isa = PBXFrameworksBuildPhase;
			buildActionMask = 2147483647;
			files = (
			);
			runOnlyForDeploymentPostprocessing = 0;
		};
		02F876BA295209BC00CB5B43 /* Frameworks */ = {
			isa = PBXFrameworksBuildPhase;
			buildActionMask = 2147483647;
			files = (
			);
			runOnlyForDeploymentPostprocessing = 0;
		};
		02F876C4295209BC00CB5B43 /* Frameworks */ = {
			isa = PBXFrameworksBuildPhase;
			buildActionMask = 2147483647;
			files = (
			);
			runOnlyForDeploymentPostprocessing = 0;
		};
/* End PBXFrameworksBuildPhase section */

/* Begin PBXGroup section */
		02F8769E295209BA00CB5B43 = {
			isa = PBXGroup;
			children = (
				02F876A9295209BA00CB5B43 /* FreddyVsJson_dame */,
				02F876C0295209BC00CB5B43 /* FreddyVsJson_dameTests */,
				02F876CA295209BC00CB5B43 /* FreddyVsJson_dameUITests */,
				02F876A8295209BA00CB5B43 /* Products */,
			);
			sourceTree = "<group>";
		};
		02F876A8295209BA00CB5B43 /* Products */ = {
			isa = PBXGroup;
			children = (
				02F876A7295209BA00CB5B43 /* FreddyVsJson_dame.app */,
				02F876BD295209BC00CB5B43 /* FreddyVsJson_dameTests.xctest */,
				02F876C7295209BC00CB5B43 /* FreddyVsJson_dameUITests.xctest */,
			);
			name = Products;
			sourceTree = "<group>";
		};
		02F876A9295209BA00CB5B43 /* FreddyVsJson_dame */ = {
			isa = PBXGroup;
			children = (
				02F876AA295209BA00CB5B43 /* AppDelegate.swift */,
				02F876AC295209BA00CB5B43 /* SceneDelegate.swift */,
				02EB6FB329524D0200F53880 /* KillerStats.swift */,
				02F876DA29523FF100CB5B43 /* KillerViewController.swift */,
				02F876AE295209BA00CB5B43 /* ViewController.swift */,
				02F876B0295209BA00CB5B43 /* Main.storyboard */,
				02F876B3295209BC00CB5B43 /* Assets.xcassets */,
				02F876B5295209BC00CB5B43 /* LaunchScreen.storyboard */,
				02F876B8295209BC00CB5B43 /* Info.plist */,
			);
			path = FreddyVsJson_dame;
			sourceTree = "<group>";
		};
		02F876C0295209BC00CB5B43 /* FreddyVsJson_dameTests */ = {
			isa = PBXGroup;
			children = (
				02F876C1295209BC00CB5B43 /* FreddyVsJson_dameTests.swift */,
			);
			path = FreddyVsJson_dameTests;
			sourceTree = "<group>";
		};
		02F876CA295209BC00CB5B43 /* FreddyVsJson_dameUITests */ = {
			isa = PBXGroup;
			children = (
				02F876CB295209BC00CB5B43 /* FreddyVsJson_dameUITests.swift */,
				02F876CD295209BC00CB5B43 /* FreddyVsJson_dameUITestsLaunchTests.swift */,
			);
			path = FreddyVsJson_dameUITests;
			sourceTree = "<group>";
		};
/* End PBXGroup section */

/* Begin PBXNativeTarget section */
		02F876A6295209BA00CB5B43 /* FreddyVsJson_dame */ = {
			isa = PBXNativeTarget;
			buildConfigurationList = 02F876D1295209BC00CB5B43 /* Build configuration list for PBXNativeTarget "FreddyVsJson_dame" */;
			buildPhases = (
				02F876A3295209BA00CB5B43 /* Sources */,
				02F876A4295209BA00CB5B43 /* Frameworks */,
				02F876A5295209BA00CB5B43 /* Resources */,
			);
			buildRules = (
			);
			dependencies = (
			);
			name = FreddyVsJson_dame;
			productName = FreddyVsJson_dame;
			productReference = 02F876A7295209BA00CB5B43 /* FreddyVsJson_dame.app */;
			productType = "com.apple.product-type.application";
		};
		02F876BC295209BC00CB5B43 /* FreddyVsJson_dameTests */ = {
			isa = PBXNativeTarget;
			buildConfigurationList = 02F876D4295209BC00CB5B43 /* Build configuration list for PBXNativeTarget "FreddyVsJson_dameTests" */;
			buildPhases = (
				02F876B9295209BC00CB5B43 /* Sources */,
				02F876BA295209BC00CB5B43 /* Frameworks */,
				02F876BB295209BC00CB5B43 /* Resources */,
			);
			buildRules = (
			);
			dependencies = (
				02F876BF295209BC00CB5B43 /* PBXTargetDependency */,
			);
			name = FreddyVsJson_dameTests;
			productName = FreddyVsJson_dameTests;
			productReference = 02F876BD295209BC00CB5B43 /* FreddyVsJson_dameTests.xctest */;
			productType = "com.apple.product-type.bundle.unit-test";
		};
		02F876C6295209BC00CB5B43 /* FreddyVsJson_dameUITests */ = {
			isa = PBXNativeTarget;
			buildConfigurationList = 02F876D7295209BC00CB5B43 /* Build configuration list for PBXNativeTarget "FreddyVsJson_dameUITests" */;
			buildPhases = (
				02F876C3295209BC00CB5B43 /* Sources */,
				02F876C4295209BC00CB5B43 /* Frameworks */,
				02F876C5295209BC00CB5B43 /* Resources */,
			);
			buildRules = (
			);
			dependencies = (
				02F876C9295209BC00CB5B43 /* PBXTargetDependency */,
			);
			name = FreddyVsJson_dameUITests;
			productName = FreddyVsJson_dameUITests;
			productReference = 02F876C7295209BC00CB5B43 /* FreddyVsJson_dameUITests.xctest */;
			productType = "com.apple.product-type.bundle.ui-testing";
		};
/* End PBXNativeTarget section */

/* Begin PBXProject section */
		02F8769F295209BA00CB5B43 /* Project object */ = {
			isa = PBXProject;
			attributes = {
				BuildIndependentTargetsInParallel = 1;
				LastSwiftUpdateCheck = 1420;
				LastUpgradeCheck = 1420;
				TargetAttributes = {
					02F876A6295209BA00CB5B43 = {
						CreatedOnToolsVersion = 14.2;
					};
					02F876BC295209BC00CB5B43 = {
						CreatedOnToolsVersion = 14.2;
						TestTargetID = 02F876A6295209BA00CB5B43;
					};
					02F876C6295209BC00CB5B43 = {
						CreatedOnToolsVersion = 14.2;
						TestTargetID = 02F876A6295209BA00CB5B43;
					};
				};
			};
			buildConfigurationList = 02F876A2295209BA00CB5B43 /* Build configuration list for PBXProject "FreddyVsJson_dame" */;
			compatibilityVersion = "Xcode 14.0";
			developmentRegion = en;
			hasScannedForEncodings = 0;
			knownRegions = (
				en,
				Base,
			);
			mainGroup = 02F8769E295209BA00CB5B43;
			productRefGroup = 02F876A8295209BA00CB5B43 /* Products */;
			projectDirPath = "";
			projectRoot = "";
			targets = (
				02F876A6295209BA00CB5B43 /* FreddyVsJson_dame */,
				02F876BC295209BC00CB5B43 /* FreddyVsJson_dameTests */,
				02F876C6295209BC00CB5B43 /* FreddyVsJson_dameUITests */,
			);
		};
/* End PBXProject section */

/* Begin PBXResourcesBuildPhase section */
		02F876A5295209BA00CB5B43 /* Resources */ = {
			isa = PBXResourcesBuildPhase;
			buildActionMask = 2147483647;
			files = (
				02F876B7295209BC00CB5B43 /* LaunchScreen.storyboard in Resources */,
				02F876B4295209BC00CB5B43 /* Assets.xcassets in Resources */,
				02F876B2295209BA00CB5B43 /* Main.storyboard in Resources */,
			);
			runOnlyForDeploymentPostprocessing = 0;
		};
		02F876BB295209BC00CB5B43 /* Resources */ = {
			isa = PBXResourcesBuildPhase;
			buildActionMask = 2147483647;
			files = (
			);
			runOnlyForDeploymentPostprocessing = 0;
		};
		02F876C5295209BC00CB5B43 /* Resources */ = {
			isa = PBXResourcesBuildPhase;
			buildActionMask = 2147483647;
			files = (
			);
			runOnlyForDeploymentPostprocessing = 0;
		};
/* End PBXResourcesBuildPhase section */

/* Begin PBXSourcesBuildPhase section */
		02F876A3295209BA00CB5B43 /* Sources */ = {
			isa = PBXSourcesBuildPhase;
			buildActionMask = 2147483647;
			files = (
				02F876AF295209BA00CB5B43 /* ViewController.swift in Sources */,
				02F876AB295209BA00CB5B43 /* AppDelegate.swift in Sources */,
				02EB6FB429524D0200F53880 /* KillerStats.swift in Sources */,
				02F876AD295209BA00CB5B43 /* SceneDelegate.swift in Sources */,
				02F876DB29523FF100CB5B43 /* KillerViewController.swift in Sources */,
			);
			runOnlyForDeploymentPostprocessing = 0;
		};
		02F876B9295209BC00CB5B43 /* Sources */ = {
			isa = PBXSourcesBuildPhase;
			buildActionMask = 2147483647;
			files = (
				02F876C2295209BC00CB5B43 /* FreddyVsJson_dameTests.swift in Sources */,
			);
			runOnlyForDeploymentPostprocessing = 0;
		};
		02F876C3295209BC00CB5B43 /* Sources */ = {
			isa = PBXSourcesBuildPhase;
			buildActionMask = 2147483647;
			files = (
				02F876CE295209BC00CB5B43 /* FreddyVsJson_dameUITestsLaunchTests.swift in Sources */,
				02F876CC295209BC00CB5B43 /* FreddyVsJson_dameUITests.swift in Sources */,
			);
			runOnlyForDeploymentPostprocessing = 0;
		};
/* End PBXSourcesBuildPhase section */

/* Begin PBXTargetDependency section */
		02F876BF295209BC00CB5B43 /* PBXTargetDependency */ = {
			isa = PBXTargetDependency;
			target = 02F876A6295209BA00CB5B43 /* FreddyVsJson_dame */;
			targetProxy = 02F876BE295209BC00CB5B43 /* PBXContainerItemProxy */;
		};
		02F876C9295209BC00CB5B43 /* PBXTargetDependency */ = {
			isa = PBXTargetDependency;
			target = 02F876A6295209BA00CB5B43 /* FreddyVsJson_dame */;
			targetProxy = 02F876C8295209BC00CB5B43 /* PBXContainerItemProxy */;
		};
/* End PBXTargetDependency section */

/* Begin PBXVariantGroup section */
		02F876B0295209BA00CB5B43 /* Main.storyboard */ = {
			isa = PBXVariantGroup;
			children = (
				02F876B1295209BA00CB5B43 /* Base */,
			);
			name = Main.storyboard;
			sourceTree = "<group>";
		};
		02F876B5295209BC00CB5B43 /* LaunchScreen.storyboard */ = {
			isa = PBXVariantGroup;
			children = (
				02F876B6295209BC00CB5B43 /* Base */,
			);
			name = LaunchScreen.storyboard;
			sourceTree = "<group>";
		};
/* End PBXVariantGroup section */

/* Begin XCBuildConfiguration section */
		02F876CF295209BC00CB5B43 /* Debug */ = {
			isa = XCBuildConfiguration;
			buildSettings = {
				ALWAYS_SEARCH_USER_PATHS = NO;
				CLANG_ANALYZER_NONNULL = YES;
				CLANG_ANALYZER_NUMBER_OBJECT_CONVERSION = YES_AGGRESSIVE;
				CLANG_CXX_LANGUAGE_STANDARD = "gnu++20";
				CLANG_ENABLE_MODULES = YES;
				CLANG_ENABLE_OBJC_ARC = YES;
				CLANG_ENABLE_OBJC_WEAK = YES;
				CLANG_WARN_BLOCK_CAPTURE_AUTORELEASING = YES;
				CLANG_WARN_BOOL_CONVERSION = YES;
				CLANG_WARN_COMMA = YES;
				CLANG_WARN_CONSTANT_CONVERSION = YES;
				CLANG_WARN_DEPRECATED_OBJC_IMPLEMENTATIONS = YES;
				CLANG_WARN_DIRECT_OBJC_ISA_USAGE = YES_ERROR;
				CLANG_WARN_DOCUMENTATION_COMMENTS = YES;
				CLANG_WARN_EMPTY_BODY = YES;
				CLANG_WARN_ENUM_CONVERSION = YES;
				CLANG_WARN_INFINITE_RECURSION = YES;
				CLANG_WARN_INT_CONVERSION = YES;
				CLANG_WARN_NON_LITERAL_NULL_CONVERSION = YES;
				CLANG_WARN_OBJC_IMPLICIT_RETAIN_SELF = YES;
				CLANG_WARN_OBJC_LITERAL_CONVERSION = YES;
				CLANG_WARN_OBJC_ROOT_CLASS = YES_ERROR;
				CLANG_WARN_QUOTED_INCLUDE_IN_FRAMEWORK_HEADER = YES;
				CLANG_WARN_RANGE_LOOP_ANALYSIS = YES;
				CLANG_WARN_STRICT_PROTOTYPES = YES;
				CLANG_WARN_SUSPICIOUS_MOVE = YES;
				CLANG_WARN_UNGUARDED_AVAILABILITY = YES_AGGRESSIVE;
				CLANG_WARN_UNREACHABLE_CODE = YES;
				CLANG_WARN__DUPLICATE_METHOD_MATCH = YES;
				COPY_PHASE_STRIP = NO;
				DEBUG_INFORMATION_FORMAT = dwarf;
				ENABLE_STRICT_OBJC_MSGSEND = YES;
				ENABLE_TESTABILITY = YES;
				GCC_C_LANGUAGE_STANDARD = gnu11;
				GCC_DYNAMIC_NO_PIC = NO;
				GCC_NO_COMMON_BLOCKS = YES;
				GCC_OPTIMIZATION_LEVEL = 0;
				GCC_PREPROCESSOR_DEFINITIONS = (
					"DEBUG=1",
					"$(inherited)",
				);
				GCC_WARN_64_TO_32_BIT_CONVERSION = YES;
				GCC_WARN_ABOUT_RETURN_TYPE = YES_ERROR;
				GCC_WARN_UNDECLARED_SELECTOR = YES;
				GCC_WARN_UNINITIALIZED_AUTOS = YES_AGGRESSIVE;
				GCC_WARN_UNUSED_FUNCTION = YES;
				GCC_WARN_UNUSED_VARIABLE = YES;
				IPHONEOS_DEPLOYMENT_TARGET = 16.2;
				MTL_ENABLE_DEBUG_INFO = INCLUDE_SOURCE;
				MTL_FAST_MATH = YES;
				ONLY_ACTIVE_ARCH = YES;
				SDKROOT = iphoneos;
				SWIFT_ACTIVE_COMPILATION_CONDITIONS = DEBUG;
				SWIFT_OPTIMIZATION_LEVEL = "-Onone";
			};
			name = Debug;
		};
		02F876D0295209BC00CB5B43 /* Release */ = {
			isa = XCBuildConfiguration;
			buildSettings = {
				ALWAYS_SEARCH_USER_PATHS = NO;
				CLANG_ANALYZER_NONNULL = YES;
				CLANG_ANALYZER_NUMBER_OBJECT_CONVERSION = YES_AGGRESSIVE;
				CLANG_CXX_LANGUAGE_STANDARD = "gnu++20";
				CLANG_ENABLE_MODULES = YES;
				CLANG_ENABLE_OBJC_ARC = YES;
				CLANG_ENABLE_OBJC_WEAK = YES;
				CLANG_WARN_BLOCK_CAPTURE_AUTORELEASING = YES;
				CLANG_WARN_BOOL_CONVERSION = YES;
				CLANG_WARN_COMMA = YES;
				CLANG_WARN_CONSTANT_CONVERSION = YES;
				CLANG_WARN_DEPRECATED_OBJC_IMPLEMENTATIONS = YES;
				CLANG_WARN_DIRECT_OBJC_ISA_USAGE = YES_ERROR;
				CLANG_WARN_DOCUMENTATION_COMMENTS = YES;
				CLANG_WARN_EMPTY_BODY = YES;
				CLANG_WARN_ENUM_CONVERSION = YES;
				CLANG_WARN_INFINITE_RECURSION = YES;
				CLANG_WARN_INT_CONVERSION = YES;
				CLANG_WARN_NON_LITERAL_NULL_CONVERSION = YES;
				CLANG_WARN_OBJC_IMPLICIT_RETAIN_SELF = YES;
				CLANG_WARN_OBJC_LITERAL_CONVERSION = YES;
				CLANG_WARN_OBJC_ROOT_CLASS = YES_ERROR;
				CLANG_WARN_QUOTED_INCLUDE_IN_FRAMEWORK_HEADER = YES;
				CLANG_WARN_RANGE_LOOP_ANALYSIS = YES;
				CLANG_WARN_STRICT_PROTOTYPES = YES;
				CLANG_WARN_SUSPICIOUS_MOVE = YES;
				CLANG_WARN_UNGUARDED_AVAILABILITY = YES_AGGRESSIVE;
				CLANG_WARN_UNREACHABLE_CODE = YES;
				CLANG_WARN__DUPLICATE_METHOD_MATCH = YES;
				COPY_PHASE_STRIP = NO;
				DEBUG_INFORMATION_FORMAT = "dwarf-with-dsym";
				ENABLE_NS_ASSERTIONS = NO;
				ENABLE_STRICT_OBJC_MSGSEND = YES;
				GCC_C_LANGUAGE_STANDARD = gnu11;
				GCC_NO_COMMON_BLOCKS = YES;
				GCC_WARN_64_TO_32_BIT_CONVERSION = YES;
				GCC_WARN_ABOUT_RETURN_TYPE = YES_ERROR;
				GCC_WARN_UNDECLARED_SELECTOR = YES;
				GCC_WARN_UNINITIALIZED_AUTOS = YES_AGGRESSIVE;
				GCC_WARN_UNUSED_FUNCTION = YES;
				GCC_WARN_UNUSED_VARIABLE = YES;
				IPHONEOS_DEPLOYMENT_TARGET = 16.2;
				MTL_ENABLE_DEBUG_INFO = NO;
				MTL_FAST_MATH = YES;
				SDKROOT = iphoneos;
				SWIFT_COMPILATION_MODE = wholemodule;
				SWIFT_OPTIMIZATION_LEVEL = "-O";
				VALIDATE_PRODUCT = YES;
			};
			name = Release;
		};
		02F876D2295209BC00CB5B43 /* Debug */ = {
			isa = XCBuildConfiguration;
			buildSettings = {
				ASSETCATALOG_COMPILER_APPICON_NAME = AppIcon;
				ASSETCATALOG_COMPILER_GLOBAL_ACCENT_COLOR_NAME = AccentColor;
				CODE_SIGN_STYLE = Automatic;
				CURRENT_PROJECT_VERSION = 1;
				GENERATE_INFOPLIST_FILE = YES;
				INFOPLIST_FILE = FreddyVsJson_dame/Info.plist;
				INFOPLIST_KEY_UIApplicationSupportsIndirectInputEvents = YES;
				INFOPLIST_KEY_UILaunchStoryboardName = LaunchScreen;
				INFOPLIST_KEY_UIMainStoryboardFile = Main;
				INFOPLIST_KEY_UISupportedInterfaceOrientations_iPad = "UIInterfaceOrientationPortrait UIInterfaceOrientationPortraitUpsideDown UIInterfaceOrientationLandscapeLeft UIInterfaceOrientationLandscapeRight";
				INFOPLIST_KEY_UISupportedInterfaceOrientations_iPhone = "UIInterfaceOrientationPortrait UIInterfaceOrientationLandscapeLeft UIInterfaceOrientationLandscapeRight";
				LD_RUNPATH_SEARCH_PATHS = (
					"$(inherited)",
					"@executable_path/Frameworks",
				);
				MARKETING_VERSION = 1.0;
				PRODUCT_BUNDLE_IDENTIFIER = "com.enhanceit.FreddyVsJson-dame";
				PRODUCT_NAME = "$(TARGET_NAME)";
				SWIFT_EMIT_LOC_STRINGS = YES;
				SWIFT_VERSION = 5.0;
				TARGETED_DEVICE_FAMILY = "1,2";
			};
			name = Debug;
		};
		02F876D3295209BC00CB5B43 /* Release */ = {
			isa = XCBuildConfiguration;
			buildSettings = {
				ASSETCATALOG_COMPILER_APPICON_NAME = AppIcon;
				ASSETCATALOG_COMPILER_GLOBAL_ACCENT_COLOR_NAME = AccentColor;
				CODE_SIGN_STYLE = Automatic;
				CURRENT_PROJECT_VERSION = 1;
				GENERATE_INFOPLIST_FILE = YES;
				INFOPLIST_FILE = FreddyVsJson_dame/Info.plist;
				INFOPLIST_KEY_UIApplicationSupportsIndirectInputEvents = YES;
				INFOPLIST_KEY_UILaunchStoryboardName = LaunchScreen;
				INFOPLIST_KEY_UIMainStoryboardFile = Main;
				INFOPLIST_KEY_UISupportedInterfaceOrientations_iPad = "UIInterfaceOrientationPortrait UIInterfaceOrientationPortraitUpsideDown UIInterfaceOrientationLandscapeLeft UIInterfaceOrientationLandscapeRight";
				INFOPLIST_KEY_UISupportedInterfaceOrientations_iPhone = "UIInterfaceOrientationPortrait UIInterfaceOrientationLandscapeLeft UIInterfaceOrientationLandscapeRight";
				LD_RUNPATH_SEARCH_PATHS = (
					"$(inherited)",
					"@executable_path/Frameworks",
				);
				MARKETING_VERSION = 1.0;
				PRODUCT_BUNDLE_IDENTIFIER = "com.enhanceit.FreddyVsJson-dame";
				PRODUCT_NAME = "$(TARGET_NAME)";
				SWIFT_EMIT_LOC_STRINGS = YES;
				SWIFT_VERSION = 5.0;
				TARGETED_DEVICE_FAMILY = "1,2";
			};
			name = Release;
		};
		02F876D5295209BC00CB5B43 /* Debug */ = {
			isa = XCBuildConfiguration;
			buildSettings = {
				ALWAYS_EMBED_SWIFT_STANDARD_LIBRARIES = YES;
				BUNDLE_LOADER = "$(TEST_HOST)";
				CODE_SIGN_STYLE = Automatic;
				CURRENT_PROJECT_VERSION = 1;
				GENERATE_INFOPLIST_FILE = YES;
				IPHONEOS_DEPLOYMENT_TARGET = 16.2;
				MARKETING_VERSION = 1.0;
				PRODUCT_BUNDLE_IDENTIFIER = "com.enhanceit.FreddyVsJson-dameTests";
				PRODUCT_NAME = "$(TARGET_NAME)";
				SWIFT_EMIT_LOC_STRINGS = NO;
				SWIFT_VERSION = 5.0;
				TARGETED_DEVICE_FAMILY = "1,2";
				TEST_HOST = "$(BUILT_PRODUCTS_DIR)/FreddyVsJson_dame.app/$(BUNDLE_EXECUTABLE_FOLDER_PATH)/FreddyVsJson_dame";
			};
			name = Debug;
		};
		02F876D6295209BC00CB5B43 /* Release */ = {
			isa = XCBuildConfiguration;
			buildSettings = {
				ALWAYS_EMBED_SWIFT_STANDARD_LIBRARIES = YES;
				BUNDLE_LOADER = "$(TEST_HOST)";
				CODE_SIGN_STYLE = Automatic;
				CURRENT_PROJECT_VERSION = 1;
				GENERATE_INFOPLIST_FILE = YES;
				IPHONEOS_DEPLOYMENT_TARGET = 16.2;
				MARKETING_VERSION = 1.0;
				PRODUCT_BUNDLE_IDENTIFIER = "com.enhanceit.FreddyVsJson-dameTests";
				PRODUCT_NAME = "$(TARGET_NAME)";
				SWIFT_EMIT_LOC_STRINGS = NO;
				SWIFT_VERSION = 5.0;
				TARGETED_DEVICE_FAMILY = "1,2";
				TEST_HOST = "$(BUILT_PRODUCTS_DIR)/FreddyVsJson_dame.app/$(BUNDLE_EXECUTABLE_FOLDER_PATH)/FreddyVsJson_dame";
			};
			name = Release;
		};
		02F876D8295209BC00CB5B43 /* Debug */ = {
			isa = XCBuildConfiguration;
			buildSettings = {
				ALWAYS_EMBED_SWIFT_STANDARD_LIBRARIES = YES;
				CODE_SIGN_STYLE = Automatic;
				CURRENT_PROJECT_VERSION = 1;
				GENERATE_INFOPLIST_FILE = YES;
				MARKETING_VERSION = 1.0;
				PRODUCT_BUNDLE_IDENTIFIER = "com.enhanceit.FreddyVsJson-dameUITests";
				PRODUCT_NAME = "$(TARGET_NAME)";
				SWIFT_EMIT_LOC_STRINGS = NO;
				SWIFT_VERSION = 5.0;
				TARGETED_DEVICE_FAMILY = "1,2";
				TEST_TARGET_NAME = FreddyVsJson_dame;
			};
			name = Debug;
		};
		02F876D9295209BC00CB5B43 /* Release */ = {
			isa = XCBuildConfiguration;
			buildSettings = {
				ALWAYS_EMBED_SWIFT_STANDARD_LIBRARIES = YES;
				CODE_SIGN_STYLE = Automatic;
				CURRENT_PROJECT_VERSION = 1;
				GENERATE_INFOPLIST_FILE = YES;
				MARKETING_VERSION = 1.0;
				PRODUCT_BUNDLE_IDENTIFIER = "com.enhanceit.FreddyVsJson-dameUITests";
				PRODUCT_NAME = "$(TARGET_NAME)";
				SWIFT_EMIT_LOC_STRINGS = NO;
				SWIFT_VERSION = 5.0;
				TARGETED_DEVICE_FAMILY = "1,2";
				TEST_TARGET_NAME = FreddyVsJson_dame;
			};
			name = Release;
		};
/* End XCBuildConfiguration section */

/* Begin XCConfigurationList section */
		02F876A2295209BA00CB5B43 /* Build configuration list for PBXProject "FreddyVsJson_dame" */ = {
			isa = XCConfigurationList;
			buildConfigurations = (
				02F876CF295209BC00CB5B43 /* Debug */,
				02F876D0295209BC00CB5B43 /* Release */,
			);
			defaultConfigurationIsVisible = 0;
			defaultConfigurationName = Release;
		};
		02F876D1295209BC00CB5B43 /* Build configuration list for PBXNativeTarget "FreddyVsJson_dame" */ = {
			isa = XCConfigurationList;
			buildConfigurations = (
				02F876D2295209BC00CB5B43 /* Debug */,
				02F876D3295209BC00CB5B43 /* Release */,
			);
			defaultConfigurationIsVisible = 0;
			defaultConfigurationName = Release;
		};
		02F876D4295209BC00CB5B43 /* Build configuration list for PBXNativeTarget "FreddyVsJson_dameTests" */ = {
			isa = XCConfigurationList;
			buildConfigurations = (
				02F876D5295209BC00CB5B43 /* Debug */,
				02F876D6295209BC00CB5B43 /* Release */,
			);
			defaultConfigurationIsVisible = 0;
			defaultConfigurationName = Release;
		};
		02F876D7295209BC00CB5B43 /* Build configuration list for PBXNativeTarget "FreddyVsJson_dameUITests" */ = {
			isa = XCConfigurationList;
			buildConfigurations = (
				02F876D8295209BC00CB5B43 /* Debug */,
				02F876D9295209BC00CB5B43 /* Release */,
			);
			defaultConfigurationIsVisible = 0;
			defaultConfigurationName = Release;
		};
/* End XCConfigurationList section */
	};
	rootObject = 02F8769F295209BA00CB5B43 /* Project object */;
}
